
Microsoft Visual Studio Solution File, Format Version 12.00
# Visual Studio Version 17
VisualStudioVersion = 17.9.34622.214
MinimumVisualStudioVersion = 10.0.40219.1
Project("{FAE04EC0-301F-11D3-BF4B-00C04F79EFBC}") = "Proj1", "Proj1\Proj1.csproj", "{30459C62-A7B0-4D71-B263-7FDC6B7F2982}"
EndProject
Project("{FAE04EC0-301F-11D3-BF4B-00C04F79EFBC}") = "Proj2", "Proj2\Proj2.csproj", "{96554090-5AF2-4D72-A4F0-F13A11BDFB57}"
EndProject
Project("{FAE04EC0-301F-11D3-BF4B-00C04F79EFBC}") = "Proj3", "Proj3\Proj3.csproj", "{00539A9B-8E07-4F6D-9A5B-CE80ACC43372}"
EndProject
Project("{FAE04EC0-301F-11D3-BF4B-00C04F79EFBC}") = "Proj4", "Proj4\Proj4.csproj", "{B7AF224B-E67C-4774-AC2A-3A64102FC4EB}"
EndProject
Project("{FAE04EC0-301F-11D3-BF4B-00C04F79EFBC}") = "Proj5", "Proj5\Proj5.csproj", "{C0A13890-C119-4EB4-B659-840277ED016B}"
EndProject
Project("{FAE04EC0-301F-11D3-BF4B-00C04F79EFBC}") = "Proj6", "Proj6\Proj6.csproj", "{ABBCA01C-3DFD-4985-9AC7-F641C080D7A1}"
EndProject
Project("{FAE04EC0-301F-11D3-BF4B-00C04F79EFBC}") = "Proj7", "Proj7\Proj7.csproj", "{FCCFBE76-E1C9-4824-913C-D5A109E334FC}"
EndProject
Global
	GlobalSection(SolutionConfigurationPlatforms) = preSolution
		Debug|Any CPU = Debug|Any CPU
		Release|Any CPU = Release|Any CPU
	EndGlobalSection
	GlobalSection(ProjectConfigurationPlatforms) = postSolution
		{30459C62-A7B0-4D71-B263-7FDC6B7F2982}.Debug|Any CPU.ActiveCfg = Debug|Any CPU
		{30459C62-A7B0-4D71-B263-7FDC6B7F2982}.Debug|Any CPU.Build.0 = Debug|Any CPU
		{30459C62-A7B0-4D71-B263-7FDC6B7F2982}.Release|Any CPU.ActiveCfg = Release|Any CPU
		{30459C62-A7B0-4D71-B263-7FDC6B7F2982}.Release|Any CPU.Build.0 = Release|Any CPU
		{96554090-5AF2-4D72-A4F0-F13A11BDFB57}.Debug|Any CPU.ActiveCfg = Debug|Any CPU
		{96554090-5AF2-4D72-A4F0-F13A11BDFB57}.Debug|Any CPU.Build.0 = Debug|Any CPU
		{96554090-5AF2-4D72-A4F0-F13A11BDFB57}.Release|Any CPU.ActiveCfg = Release|Any CPU
		{96554090-5AF2-4D72-A4F0-F13A11BDFB57}.Release|Any CPU.Build.0 = Release|Any CPU
		{00539A9B-8E07-4F6D-9A5B-CE80ACC43372}.Debug|Any CPU.ActiveCfg = Debug|Any CPU
		{00539A9B-8E07-4F6D-9A5B-CE80ACC43372}.Debug|Any CPU.Build.0 = Debug|Any CPU
		{00539A9B-8E07-4F6D-9A5B-CE80ACC43372}.Release|Any CPU.ActiveCfg = Release|Any CPU
		{00539A9B-8E07-4F6D-9A5B-CE80ACC43372}.Release|Any CPU.Build.0 = Release|Any CPU
		{B7AF224B-E67C-4774-AC2A-3A64102FC4EB}.Debug|Any CPU.ActiveCfg = Debug|Any CPU
		{B7AF224B-E67C-4774-AC2A-3A64102FC4EB}.Debug|Any CPU.Build.0 = Debug|Any CPU
		{B7AF224B-E67C-4774-AC2A-3A64102FC4EB}.Release|Any CPU.ActiveCfg = Release|Any CPU
		{B7AF224B-E67C-4774-AC2A-3A64102FC4EB}.Release|Any CPU.Build.0 = Release|Any CPU
		{C0A13890-C119-4EB4-B659-840277ED016B}.Debug|Any CPU.ActiveCfg = Debug|Any CPU
		{C0A13890-C119-4EB4-B659-840277ED016B}.Debug|Any CPU.Build.0 = Debug|Any CPU
		{C0A13890-C119-4EB4-B659-840277ED016B}.Release|Any CPU.ActiveCfg = Release|Any CPU
		{C0A13890-C119-4EB4-B659-840277ED016B}.Release|Any CPU.Build.0 = Release|Any CPU
		{ABBCA01C-3DFD-4985-9AC7-F641C080D7A1}.Debug|Any CPU.ActiveCfg = Debug|Any CPU
		{ABBCA01C-3DFD-4985-9AC7-F641C080D7A1}.Debug|Any CPU.Build.0 = Debug|Any CPU
		{ABBCA01C-3DFD-4985-9AC7-F641C080D7A1}.Release|Any CPU.ActiveCfg = Release|Any CPU
		{ABBCA01C-3DFD-4985-9AC7-F641C080D7A1}.Release|Any CPU.Build.0 = Release|Any CPU
		{FCCFBE76-E1C9-4824-913C-D5A109E334FC}.Debug|Any CPU.ActiveCfg = Debug|Any CPU
		{FCCFBE76-E1C9-4824-913C-D5A109E334FC}.Debug|Any CPU.Build.0 = Debug|Any CPU
		{FCCFBE76-E1C9-4824-913C-D5A109E334FC}.Release|Any CPU.ActiveCfg = Release|Any CPU
		{FCCFBE76-E1C9-4824-913C-D5A109E334FC}.Release|Any CPU.Build.0 = Release|Any CPU
	EndGlobalSection
	GlobalSection(SolutionProperties) = preSolution
		HideSolutionNode = FALSE
	EndGlobalSection
	GlobalSection(ExtensibilityGlobals) = postSolution
		SolutionGuid = {925D46DC-E772-40FA-86FB-B5082B8EAE4D}
	EndGlobalSection
EndGlobal
